# THIS IS AN AUTOGENERATED FILE. DO NOT EDIT THIS FILE DIRECTLY.
# yarn lockfile v1


bootstrap@^5.1.1:
  version "5.1.1"
  resolved "https://registry.yarnpkg.com/bootstrap/-/bootstrap-5.1.1.tgz#9d6eed81e08feaccedf3adaca51fe4b73a2871df"
  integrity sha512-/jUa4sSuDZWlDLQ1gwQQR8uoYSvLJzDd8m5o6bPKh3asLAMYVZKdRCjb1joUd5WXf0WwCNzd2EjwQQhupou0dA==

highlight.js@^11.2.0:
  version "11.2.0"
  resolved "https://registry.yarnpkg.com/highlight.js/-/highlight.js-11.2.0.tgz#a7e3b8c1fdc4f0538b93b2dc2ddd53a40c6ab0f0"
  integrity sha512-JOySjtOEcyG8s4MLR2MNbLUyaXqUunmSnL2kdV/KuGJOmHZuAR5xC54Ko7goAXBWNhf09Vy3B+U7vR62UZ/0iw==
